PODS:
  - Alamofire (5.9.1)
  - FRadioPlayer (0.1.22)
  - LGSideMenuController (3.1.2)
  - SDWebImage (5.19.7):
    - SDWebImage/Core (= 5.19.7)
  - SDWebImage/Core (5.19.7)
  - SwiftyJSON (5.0.2)

DEPENDENCIES:
  - Alamofire
  - FRadioPlayer
  - LGSideMenuController
  - SDWebImage (~> 5.0)
  - SwiftyJSON

SPEC REPOS:
  trunk:
    - Alamofire
    - FRadioPlayer
    - LGSideMenuController
    - SDWebImage
    - SwiftyJSON

SPEC CHECKSUMS:
  Alamofire: f36a35757af4587d8e4f4bfa223ad10be2422b8c
  FRadioPlayer: 7c6173cc44a3be39a9419abd3a931d9223e175e4
  LGSideMenuController: 0c7b155b0dbdf14bf8b88d5ac363c5fe1584bb23
  SDWebImage: 8a6b7b160b4d710e2a22b6900e25301075c34cb3
  SwiftyJSON: f5b1bf1cd8dd53cd25887ac0eabcfd92301c6a5a

PODFILE CHECKSUM: b0decf630689a0f44e2647a370de45cda97afd05

COCOAPODS: 1.15.2
